Microsoft Visual Studio Solution File, Format Version 12.00
# Visual Studio Version 17
VisualStudioVersion = 17.5.2.0
MinimumVisualStudioVersion = 10.0.40219.1
Project("{FAE04EC0-301F-11D3-BF4B-00C04F79EFBC}") = "ControleDeMedicamentos.WebApp", "ControleDeMedicamentos.WebApp.csproj", "{F9AD203F-EF50-AD3E-F5F5-BC4FB8CA1BBB}"
EndProject
Global
	GlobalSection(SolutionConfigurationPlatforms) = preSolution
		Debug|Any CPU = Debug|Any CPU
		Release|Any CPU = Release|Any CPU
	EndGlobalSection
	GlobalSection(ProjectConfigurationPlatforms) = postSolution
		{F9AD203F-EF50-AD3E-F5F5-BC4FB8CA1BBB}.Debug|Any CPU.ActiveCfg = Debug|Any CPU
		{F9AD203F-EF50-AD3E-F5F5-BC4FB8CA1BBB}.Debug|Any CPU.Build.0 = Debug|Any CPU
		{F9AD203F-EF50-AD3E-F5F5-BC4FB8CA1BBB}.Release|Any CPU.ActiveCfg = Release|Any CPU
		{F9AD203F-EF50-AD3E-F5F5-BC4FB8CA1BBB}.Release|Any CPU.Build.0 = Release|Any CPU
	EndGlobalSection
	GlobalSection(SolutionProperties) = preSolution
		HideSolutionNode = FALSE
	EndGlobalSection
	GlobalSection(ExtensibilityGlobals) = postSolution
		SolutionGuid = {1577C24C-CC1F-460B-A3BB-3435C0181517}
	EndGlobalSection
EndGlobal
